
Microsoft Visual Studio Solution File, Format Version 12.00
# Visual Studio Version 16
VisualStudioVersion = 16.0.30907.101
MinimumVisualStudioVersion = 10.0.40219.1
Project("{FAE04EC0-301F-11D3-BF4B-00C04F79EFBC}") = "ColorPicker", "ColorPicker\ColorPicker.csproj", "{8C815A31-A467-4079-8426-B2B088C12F13}"
EndProject
Global
	GlobalSection(SolutionConfigurationPlatforms) = preSolution
		Debug|Any CPU = Debug|Any CPU
		Release|Any CPU = Release|Any CPU
	EndGlobalSection
	GlobalSection(ProjectConfigurationPlatforms) = postSolution
		{8C815A31-A467-4079-8426-B2B088C12F13}.Debug|Any CPU.ActiveCfg = Debug|Any CPU
		{8C815A31-A467-4079-8426-B2B088C12F13}.Debug|Any CPU.Build.0 = Debug|Any CPU
		{8C815A31-A467-4079-8426-B2B088C12F13}.Release|Any CPU.ActiveCfg = Release|Any CPU
		{8C815A31-A467-4079-8426-B2B088C12F13}.Release|Any CPU.Build.0 = Release|Any CPU
	EndGlobalSection
	GlobalSection(SolutionProperties) = preSolution
		HideSolutionNode = FALSE
	EndGlobalSection
	GlobalSection(ExtensibilityGlobals) = postSolution
		SolutionGuid = {DA17603D-915C-4274-8F51-AF177B53FF50}
	EndGlobalSection
EndGlobal
